
Microsoft Visual Studio Solution File, Format Version 12.00
# Visual Studio Version 16
VisualStudioVersion = 16.0.29306.81
MinimumVisualStudioVersion = 10.0.40219.1
Project("{9A19103F-16F7-4668-BE54-9A1E7A4F7556}") = "LinkContractor", "LinkContractor\LinkContractor.csproj", "{20C8A9F7-E569-4E29-83EB-AF677412D849}"
EndProject
Project("{FAE04EC0-301F-11D3-BF4B-00C04F79EFBC}") = "LinkContractor.DAL", "LinkContractor.DAL\LinkContractor.DAL.csproj", "{8FFB9C05-D467-4DAD-B4BD-536663AFD545}"
EndProject
Project("{FAE04EC0-301F-11D3-BF4B-00C04F79EFBC}") = "LinkContractor.BLL", "LinkContractor.BLL\LinkContractor.BLL.csproj", "{4DD3AD22-F273-4D5C-955D-4C7A0DA2E521}"
EndProject
Global
	GlobalSection(SolutionConfigurationPlatforms) = preSolution
		Debug|Any CPU = Debug|Any CPU
		Release|Any CPU = Release|Any CPU
	EndGlobalSection
	GlobalSection(ProjectConfigurationPlatforms) = postSolution
		{20C8A9F7-E569-4E29-83EB-AF677412D849}.Debug|Any CPU.ActiveCfg = Debug|Any CPU
		{20C8A9F7-E569-4E29-83EB-AF677412D849}.Debug|Any CPU.Build.0 = Debug|Any CPU
		{20C8A9F7-E569-4E29-83EB-AF677412D849}.Release|Any CPU.ActiveCfg = Release|Any CPU
		{20C8A9F7-E569-4E29-83EB-AF677412D849}.Release|Any CPU.Build.0 = Release|Any CPU
		{8FFB9C05-D467-4DAD-B4BD-536663AFD545}.Debug|Any CPU.ActiveCfg = Debug|Any CPU
		{8FFB9C05-D467-4DAD-B4BD-536663AFD545}.Debug|Any CPU.Build.0 = Debug|Any CPU
		{8FFB9C05-D467-4DAD-B4BD-536663AFD545}.Release|Any CPU.ActiveCfg = Release|Any CPU
		{8FFB9C05-D467-4DAD-B4BD-536663AFD545}.Release|Any CPU.Build.0 = Release|Any CPU
		{4DD3AD22-F273-4D5C-955D-4C7A0DA2E521}.Debug|Any CPU.ActiveCfg = Debug|Any CPU
		{4DD3AD22-F273-4D5C-955D-4C7A0DA2E521}.Debug|Any CPU.Build.0 = Debug|Any CPU
		{4DD3AD22-F273-4D5C-955D-4C7A0DA2E521}.Release|Any CPU.ActiveCfg = Release|Any CPU
		{4DD3AD22-F273-4D5C-955D-4C7A0DA2E521}.Release|Any CPU.Build.0 = Release|Any CPU
	EndGlobalSection
	GlobalSection(SolutionProperties) = preSolution
		HideSolutionNode = FALSE
	EndGlobalSection
	GlobalSection(ExtensibilityGlobals) = postSolution
		SolutionGuid = {8432D832-9647-4CDB-9B79-0FDFEF0DFEDD}
	EndGlobalSection
EndGlobal
